
Microsoft Visual Studio Solution File, Format Version 11.00
# Visual Studio 2010
Project("{FAE04EC0-301F-11D3-BF4B-00C04F79EFBC}") = "Assets Cephalis", "Assembly-CSharp.csproj", "{D9724E88-2B0C-529C-8593-A4F732C6A2E8}"
EndProject
Project("{FAE04EC0-301F-11D3-BF4B-00C04F79EFBC}") = "Assets Cephalis", "Assembly-CSharp-Editor.csproj", "{77B3616B-AD56-438A-8A03-01BC3ECF365D}"
EndProject
Global
	GlobalSection(SolutionConfigurationPlatforms) = preSolution
		Debug|Any CPU = Debug|Any CPU
		Release|Any CPU = Release|Any CPU
	EndGlobalSection
	GlobalSection(ProjectConfigurationPlatforms) = postSolution
		{D9724E88-2B0C-529C-8593-A4F732C6A2E8}.Debug|Any CPU.ActiveCfg = Debug|Any CPU
		{D9724E88-2B0C-529C-8593-A4F732C6A2E8}.Debug|Any CPU.Build.0 = Debug|Any CPU
		{D9724E88-2B0C-529C-8593-A4F732C6A2E8}.Release|Any CPU.ActiveCfg = Release|Any CPU
		{D9724E88-2B0C-529C-8593-A4F732C6A2E8}.Release|Any CPU.Build.0 = Release|Any CPU
		{77B3616B-AD56-438A-8A03-01BC3ECF365D}.Debug|Any CPU.ActiveCfg = Debug|Any CPU
		{77B3616B-AD56-438A-8A03-01BC3ECF365D}.Debug|Any CPU.Build.0 = Debug|Any CPU
		{77B3616B-AD56-438A-8A03-01BC3ECF365D}.Release|Any CPU.ActiveCfg = Release|Any CPU
		{77B3616B-AD56-438A-8A03-01BC3ECF365D}.Release|Any CPU.Build.0 = Release|Any CPU
	EndGlobalSection
	GlobalSection(SolutionProperties) = preSolution
		HideSolutionNode = FALSE
	EndGlobalSection
	GlobalSection(MonoDevelopProperties) = preSolution
		StartupItem = Assembly-CSharp.csproj
	EndGlobalSection
EndGlobal
